{
  "version": 1,
  "dependencies": {
    "net10.0": {
      "Microsoft.Extensions.Options": {
        "type": "Direct",
        "requested": "[10.0.12, )",
        "resolved": "10.0.12",
        "contentHash": "TDYD33TSRpXKZWlmTXNlj5kCihxatmv2Ec1u6C+bMYLphCS7PoSLE9Pjd/nunDoE7yETk+LLKjVJX78HYtWjpA==",
        "dependencies": {
          "Microsoft.Extensions.DependencyInjection.Abstractions": "10.0.12",
          "Microsoft.Extensions.Primitives": "10.0.12"
        }
      },
      "Razorvine.Pickle": {
        "type": "Direct",
        "requested": "[1.5.0, )",
        "resolved": "1.5.0",
        "contentHash": "cjqa3uLmZUYzwtC0WAE/G/bKBR6a5nVaNV9xUPRDwJnHqK4JNbkOsFj7jQW9SCdA4WxRTNnY1n5Bnn4f1rhyuQ=="
      },
      "System.IO.Abstractions": {
        "type": "Direct",
        "requested": "[22.2.0, )",
        "resolved": "22.2.0",
        "contentHash": "fwnNXyIPb7ABPLae6K9YZz0FAkRjb2s/nElRWrg73usMveY/qdOHjKaNvAF7iAfmzTl1W4wa7S/SnmIc4LDvTg==",
        "dependencies": {
          "TestableIO.System.IO.Abstractions": "22.2.0",
          "TestableIO.System.IO.Abstractions.Wrappers": "22.2.0"
        }
      },
      "TestableIO.System.IO.Abstractions.Analyzers": {
        "type": "Direct",
        "requested": "[2022.0.0, )",
        "resolved": "2022.0.0",
        "contentHash": "rVk7HyTWXC1IOHTLMOzZyX6Wu1qbwVoA17XGF837uUElDnfg4emPxewPpGSgtuJzuJeoH4SGeQtDoB8v9J1d9Q=="
      },
      "Microsoft.Extensions.DependencyInjection.Abstractions": {
        "type": "Transitive",
        "resolved": "10.0.12",
        "contentHash": "9/qymSh7hVDMGTGwrLz8MRp5zRyXy9adGDOs4HwRdnLil3oZGYuWeZjbmHgCQ9BL1qBroVfgUK3U/nb61617Cw=="
      },
      "Microsoft.Extensions.Primitives": {
        "type": "Transitive",
        "resolved": "10.0.12",
        "contentHash": "dYfCLR52UA+3DL7C4I/pvSaRPkNqxrUAQmbFL2u0zvYKKzqgrFCJl08Df+F1aYc8leu9JvpC9bsURUdpExcBXQ=="
      },
      "TestableIO.System.IO.Abstractions": {
        "type": "Transitive",
        "resolved": "22.2.0",
        "contentHash": "BQPyr0A1s2HvpVTZIyolrZ3ZdPn8DU2tqciaK1oco3pjm76fiKIk75eup4R9reZjNS75M+WJIICOlNX5OFt50g==",
        "dependencies": {
          "Testably.Abstractions.FileSystem.Interface": "10.3.0"
        }
      },
      "TestableIO.System.IO.Abstractions.Wrappers": {
        "type": "Transitive",
        "resolved": "22.2.0",
        "contentHash": "0GW9i46ozm687WGAWsBHWMhLR7l1HmKwhiSU2hQrbFnI5m2YRfqXwqTQNjnOwT8BdbvcGqwMr97/zlnPWa1u1Q==",
        "dependencies": {
          "Testably.Abstractions.FileSystem.Interface": "10.3.0"
        }
      },
      "Testably.Abstractions.FileSystem.Interface": {
        "type": "Transitive",
        "resolved": "10.3.0",
        "contentHash": "5ebMaoADkzjfW7GnZYKaUebV8XmUn++C/4sKk1PTzCiddEgbSKBq3pW4EWEi70rYJAK0gA1yDWrYFeHq18FvHQ=="
      }
    }
  }
}