
Microsoft Visual Studio Solution File, Format Version 12.00
Project("{FAE04EC0-301F-11D3-BF4B-00C04F79EFBC}") = "FrontierSharp.Starmap", "FrontierSharp.Starmap\FrontierSharp.Starmap.csproj", "{662E8970-D79A-44D0-A97F-C76A00A1887B}"
EndProject
Project("{FAE04EC0-301F-11D3-BF4B-00C04F79EFBC}") = "FrontierSharp.FrontierDevTools.Api", "FrontierSharp.FrontierDevTools.Api\FrontierSharp.FrontierDevTools.Api.csproj", "{587855F8-2AD2-4566-AB2A-7CA0454FBF06}"
EndProject
Project("{FAE04EC0-301F-11D3-BF4B-00C04F79EFBC}") = "FrontierSharp.CommandLine", "FrontierSharp.CommandLine\FrontierSharp.CommandLine.csproj", "{03230400-42A8-4F78-B44F-66AD04B88D85}"
EndProject
Project("{FAE04EC0-301F-11D3-BF4B-00C04F79EFBC}") = "FrontierSharp.HttpClient", "FrontierSharp.HttpClient\FrontierSharp.HttpClient.csproj", "{B3EFC6DB-9C80-4AB6-96F7-3A06F38C8279}"
EndProject
Project("{FAE04EC0-301F-11D3-BF4B-00C04F79EFBC}") = "FrontierSharp.Tests", "FrontierSharp.Tests\FrontierSharp.Tests.csproj", "{B904B7B7-E8D2-453C-A268-F5CE42451D30}"
EndProject
Global
	GlobalSection(SolutionConfigurationPlatforms) = preSolution
		Debug|Any CPU = Debug|Any CPU
		Release|Any CPU = Release|Any CPU
	EndGlobalSection
	GlobalSection(ProjectConfigurationPlatforms) = postSolution
		{662E8970-D79A-44D0-A97F-C76A00A1887B}.Debug|Any CPU.ActiveCfg = Debug|Any CPU
		{662E8970-D79A-44D0-A97F-C76A00A1887B}.Debug|Any CPU.Build.0 = Debug|Any CPU
		{662E8970-D79A-44D0-A97F-C76A00A1887B}.Release|Any CPU.ActiveCfg = Release|Any CPU
		{662E8970-D79A-44D0-A97F-C76A00A1887B}.Release|Any CPU.Build.0 = Release|Any CPU
		{587855F8-2AD2-4566-AB2A-7CA0454FBF06}.Debug|Any CPU.ActiveCfg = Debug|Any CPU
		{587855F8-2AD2-4566-AB2A-7CA0454FBF06}.Debug|Any CPU.Build.0 = Debug|Any CPU
		{587855F8-2AD2-4566-AB2A-7CA0454FBF06}.Release|Any CPU.ActiveCfg = Release|Any CPU
		{587855F8-2AD2-4566-AB2A-7CA0454FBF06}.Release|Any CPU.Build.0 = Release|Any CPU
		{03230400-42A8-4F78-B44F-66AD04B88D85}.Debug|Any CPU.ActiveCfg = Debug|Any CPU
		{03230400-42A8-4F78-B44F-66AD04B88D85}.Debug|Any CPU.Build.0 = Debug|Any CPU
		{03230400-42A8-4F78-B44F-66AD04B88D85}.Release|Any CPU.ActiveCfg = Release|Any CPU
		{03230400-42A8-4F78-B44F-66AD04B88D85}.Release|Any CPU.Build.0 = Release|Any CPU
		{B3EFC6DB-9C80-4AB6-96F7-3A06F38C8279}.Debug|Any CPU.ActiveCfg = Debug|Any CPU
		{B3EFC6DB-9C80-4AB6-96F7-3A06F38C8279}.Debug|Any CPU.Build.0 = Debug|Any CPU
		{B3EFC6DB-9C80-4AB6-96F7-3A06F38C8279}.Release|Any CPU.ActiveCfg = Release|Any CPU
		{B3EFC6DB-9C80-4AB6-96F7-3A06F38C8279}.Release|Any CPU.Build.0 = Release|Any CPU
		{B904B7B7-E8D2-453C-A268-F5CE42451D30}.Debug|Any CPU.ActiveCfg = Debug|Any CPU
		{B904B7B7-E8D2-453C-A268-F5CE42451D30}.Debug|Any CPU.Build.0 = Debug|Any CPU
		{B904B7B7-E8D2-453C-A268-F5CE42451D30}.Release|Any CPU.ActiveCfg = Release|Any CPU
		{B904B7B7-E8D2-453C-A268-F5CE42451D30}.Release|Any CPU.Build.0 = Release|Any CPU
	EndGlobalSection
EndGlobal
